
Microsoft Visual Studio Solution File, Format Version 12.00
# Visual Studio Version 16
VisualStudioVersion = 16.0.29326.143
MinimumVisualStudioVersion = 10.0.40219.1
Project("{FAE04EC0-301F-11D3-BF4B-00C04F79EFBC}") = "ProExcelImportExport", "ProExcelImportExport.csproj", "{EFD18466-3607-436D-B2E3-286C8D10A54D}"
EndProject
Global
	GlobalSection(SolutionConfigurationPlatforms) = preSolution
		Debug|Any CPU = Debug|Any CPU
		Release|Any CPU = Release|Any CPU
	EndGlobalSection
	GlobalSection(ProjectConfigurationPlatforms) = postSolution
		{EFD18466-3607-436D-B2E3-286C8D10A54D}.Debug|Any CPU.ActiveCfg = Debug|Any CPU
		{EFD18466-3607-436D-B2E3-286C8D10A54D}.Debug|Any CPU.Build.0 = Debug|Any CPU
		{EFD18466-3607-436D-B2E3-286C8D10A54D}.Release|Any CPU.ActiveCfg = Release|Any CPU
		{EFD18466-3607-436D-B2E3-286C8D10A54D}.Release|Any CPU.Build.0 = Release|Any CPU
	EndGlobalSection
	GlobalSection(SolutionProperties) = preSolution
		HideSolutionNode = FALSE
	EndGlobalSection
	GlobalSection(ExtensibilityGlobals) = postSolution
		SolutionGuid = {15BE7282-06D4-4FF3-877C-E83CD5574899}
	EndGlobalSection
EndGlobal
